// !$*UTF8*$!
{
	archiveVersion = 1;
	classes = {
	};
	objectVersion = 46;
	objects = {

/* Begin PBXBuildFile section */
		B3E81FAF188926DF0030AE47 /* Foundation.framework in Frameworks */ = {isa = PBXBuildFile; fileRef = B3E81FAE188926DF0030AE47 /* Foundation.framework */; };
		B3E81FB1188926DF0030AE47 /* CoreGraphics.framework in Frameworks */ = {isa = PBXBuildFile; fileRef = B3E81FB0188926DF0030AE47 /* CoreGraphics.framework */; };
		B3E81FB3188926DF0030AE47 /* UIKit.framework in Frameworks */ = {isa = PBXBuildFile; fileRef = B3E81FB2188926DF0030AE47 /* UIKit.framework */; };
		B3E81FB9188926DF0030AE47 /* InfoPlist.strings in Resources */ = {isa = PBXBuildFile; fileRef = B3E81FB7188926DF0030AE47 /* InfoPlist.strings */; };
		B3E81FBB188926DF0030AE47 /* main.m in Sources */ = {isa = PBXBuildFile; fileRef = B3E81FBA188926DF0030AE47 /* main.m */; };
		B3E81FBF188926DF0030AE47 /* MAAppDelegate.m in Sources */ = {isa = PBXBuildFile; fileRef = B3E81FBE188926DF0030AE47 /* MAAppDelegate.m */; };
		B3E81FC2188926DF0030AE47 /* Main.storyboard in Resources */ = {isa = PBXBuildFile; fileRef = B3E81FC0188926DF0030AE47 /* Main.storyboard */; };
		B3E81FC5188926DF0030AE47 /* MAViewController.m in Sources */ = {isa = PBXBuildFile; fileRef = B3E81FC4188926DF0030AE47 /* MAViewController.m */; };
		B3E81FC7188926DF0030AE47 /* Images.xcassets in Resources */ = {isa = PBXBuildFile; fileRef = B3E81FC6188926DF0030AE47 /* Images.xcassets */; };
		B3E81FCE188926DF0030AE47 /* XCTest.framework in Frameworks */ = {isa = PBXBuildFile; fileRef = B3E81FCD188926DF0030AE47 /* XCTest.framework */; };
		B3E81FCF188926DF0030AE47 /* Foundation.framework in Frameworks */ = {isa = PBXBuildFile; fileRef = B3E81FAE188926DF0030AE47 /* Foundation.framework */; };
		B3E81FD0188926DF0030AE47 /* UIKit.framework in Frameworks */ = {isa = PBXBuildFile; fileRef = B3E81FB2188926DF0030AE47 /* UIKit.framework */; };
		B3E81FD8188926DF0030AE47 /* InfoPlist.strings in Resources */ = {isa = PBXBuildFile; fileRef = B3E81FD6188926DF0030AE47 /* InfoPlist.strings */; };
		B3E81FDA188926DF0030AE47 /* DemoScrollingTests.m in Sources */ = {isa = PBXBuildFile; fileRef = B3E81FD9188926DF0030AE47 /* DemoScrollingTests.m */; };
		B3E81FEB188927BC0030AE47 /* MAScrollView.m in Sources */ = {isa = PBXBuildFile; fileRef = B3E81FEA188927BC0030AE47 /* MAScrollView.m */; };
		B3E81FEE188927FF0030AE47 /* MAPageView.m in Sources */ = {isa = PBXBuildFile; fileRef = B3E81FED188927FF0030AE47 /* MAPageView.m */; };
/* End PBXBuildFile section */

/* Begin PBXContainerItemProxy section */
		B3E81FD1188926DF0030AE47 /* PBXContainerItemProxy */ = {
			isa = PBXContainerItemProxy;
			containerPortal = B3E81FA3188926DE0030AE47 /* Project object */;
			proxyType = 1;
			remoteGlobalIDString = B3E81FAA188926DF0030AE47;
			remoteInfo = DemoScrolling;
		};
/* End PBXContainerItemProxy section */

/* Begin PBXFileReference section */
		B3E81FAB188926DF0030AE47 /* DemoScrolling.app */ = {isa = PBXFileReference; explicitFileType = wrapper.application; includeInIndex = 0; path = DemoScrolling.app; sourceTree = BUILT_PRODUCTS_DIR; };
		B3E81FAE188926DF0030AE47 /* Foundation.framework */ = {isa = PBXFileReference; lastKnownFileType = wrapper.framework; name = Foundation.framework; path = System/Library/Frameworks/Foundation.framework; sourceTree = SDKROOT; };
		B3E81FB0188926DF0030AE47 /* CoreGraphics.framework */ = {isa = PBXFileReference; lastKnownFileType = wrapper.framework; name = CoreGraphics.framework; path = System/Library/Frameworks/CoreGraphics.framework; sourceTree = SDKROOT; };
		B3E81FB2188926DF0030AE47 /* UIKit.framework */ = {isa = PBXFileReference; lastKnownFileType = wrapper.framework; name = UIKit.framework; path = System/Library/Frameworks/UIKit.framework; sourceTree = SDKROOT; };
		B3E81FB6188926DF0030AE47 /* DemoScrolling-Info.plist */ = {isa = PBXFileReference; lastKnownFileType = text.plist.xml; path = "DemoScrolling-Info.plist"; sourceTree = "<group>"; };
		B3E81FB8188926DF0030AE47 /* en */ = {isa = PBXFileReference; lastKnownFileType = text.plist.strings; name = en; path = en.lproj/InfoPlist.strings; sourceTree = "<group>"; };
		B3E81FBA188926DF0030AE47 /* main.m */ = {isa = PBXFileReference; lastKnownFileType = sourcecode.c.objc; path = main.m; sourceTree = "<group>"; };
		B3E81FBC188926DF0030AE47 /* DemoScrolling-Prefix.pch */ = {isa = PBXFileReference; lastKnownFileType = sourcecode.c.h; path = "DemoScrolling-Prefix.pch"; sourceTree = "<group>"; };
		B3E81FBD188926DF0030AE47 /* MAAppDelegate.h */ = {isa = PBXFileReference; lastKnownFileType = sourcecode.c.h; path = MAAppDelegate.h; sourceTree = "<group>"; };
		B3E81FBE188926DF0030AE47 /* MAAppDelegate.m */ = {isa = PBXFileReference; lastKnownFileType = sourcecode.c.objc; path = MAAppDelegate.m; sourceTree = "<group>"; };
		B3E81FC1188926DF0030AE47 /* Base */ = {isa = PBXFileReference; lastKnownFileType = file.storyboard; name = Base; path = Base.lproj/Main.storyboard; sourceTree = "<group>"; };
		B3E81FC3188926DF0030AE47 /* MAViewController.h */ = {isa = PBXFileReference; lastKnownFileType = sourcecode.c.h; path = MAViewController.h; sourceTree = "<group>"; };
		B3E81FC4188926DF0030AE47 /* MAViewController.m */ = {isa = PBXFileReference; lastKnownFileType = sourcecode.c.objc; path = MAViewController.m; sourceTree = "<group>"; };
		B3E81FC6188926DF0030AE47 /* Images.xcassets */ = {isa = PBXFileReference; lastKnownFileType = folder.assetcatalog; path = Images.xcassets; sourceTree = "<group>"; };
		B3E81FCC188926DF0030AE47 /* DemoScrollingTests.xctest */ = {isa = PBXFileReference; explicitFileType = wrapper.cfbundle; includeInIndex = 0; path = DemoScrollingTests.xctest; sourceTree = BUILT_PRODUCTS_DIR; };
		B3E81FCD188926DF0030AE47 /* XCTest.framework */ = {isa = PBXFileReference; lastKnownFileType = wrapper.framework; name = XCTest.framework; path = Library/Frameworks/XCTest.framework; sourceTree = DEVELOPER_DIR; };
		B3E81FD5188926DF0030AE47 /* DemoScrollingTests-Info.plist */ = {isa = PBXFileReference; lastKnownFileType = text.plist.xml; path = "DemoScrollingTests-Info.plist"; sourceTree = "<group>"; };
		B3E81FD7188926DF0030AE47 /* en */ = {isa = PBXFileReference; lastKnownFileType = text.plist.strings; name = en; path = en.lproj/InfoPlist.strings; sourceTree = "<group>"; };
		B3E81FD9188926DF0030AE47 /* DemoScrollingTests.m */ = {isa = PBXFileReference; lastKnownFileType = sourcecode.c.objc; path = DemoScrollingTests.m; sourceTree = "<group>"; };
		B3E81FE9188927BC0030AE47 /* MAScrollView.h */ = {isa = PBXFileReference; fileEncoding = 4; lastKnownFileType = sourcecode.c.h; path = MAScrollView.h; sourceTree = "<group>"; };
		B3E81FEA188927BC0030AE47 /* MAScrollView.m */ = {isa = PBXFileReference; fileEncoding = 4; lastKnownFileType = sourcecode.c.objc; path = MAScrollView.m; sourceTree = "<group>"; };
		B3E81FEC188927FF0030AE47 /* MAPageView.h */ = {isa = PBXFileReference; fileEncoding = 4; lastKnownFileType = sourcecode.c.h; path = MAPageView.h; sourceTree = "<group>"; };
		B3E81FED188927FF0030AE47 /* MAPageView.m */ = {isa = PBXFileReference; fileEncoding = 4; lastKnownFileType = sourcecode.c.objc; path = MAPageView.m; sourceTree = "<group>"; };
/* End PBXFileReference section */

/* Begin PBXFrameworksBuildPhase section */
		B3E81FA8188926DF0030AE47 /* Frameworks */ = {
			isa = PBXFrameworksBuildPhase;
			buildActionMask = 2147483647;
			files = (
				B3E81FB1188926DF0030AE47 /* CoreGraphics.framework in Frameworks */,
				B3E81FB3188926DF0030AE47 /* UIKit.framework in Frameworks */,
				B3E81FAF188926DF0030AE47 /* Foundation.framework in Frameworks */,
			);
			runOnlyForDeploymentPostprocessing = 0;
		};
		B3E81FC9188926DF0030AE47 /* Frameworks */ = {
			isa = PBXFrameworksBuildPhase;
			buildActionMask = 2147483647;
			files = (
				B3E81FCE188926DF0030AE47 /* XCTest.framework in Frameworks */,
				B3E81FD0188926DF0030AE47 /* UIKit.framework in Frameworks */,
				B3E81FCF188926DF0030AE47 /* Foundation.framework in Frameworks */,
			);
			runOnlyForDeploymentPostprocessing = 0;
		};
/* End PBXFrameworksBuildPhase section */

/* Begin PBXGroup section */
		B3E81FA2188926DE0030AE47 = {
			isa = PBXGroup;
			children = (
				B3E81FE61889271E0030AE47 /* ios */,
				B3E81FB4188926DF0030AE47 /* DemoScrolling */,
				B3E81FD3188926DF0030AE47 /* DemoScrollingTests */,
				B3E81FAD188926DF0030AE47 /* Frameworks */,
				B3E81FAC188926DF0030AE47 /* Products */,
			);
			sourceTree = "<group>";
		};
		B3E81FAC188926DF0030AE47 /* Products */ = {
			isa = PBXGroup;
			children = (
				B3E81FAB188926DF0030AE47 /* DemoScrolling.app */,
				B3E81FCC188926DF0030AE47 /* DemoScrollingTests.xctest */,
			);
			name = Products;
			sourceTree = "<group>";
		};
		B3E81FAD188926DF0030AE47 /* Frameworks */ = {
			isa = PBXGroup;
			children = (
				B3E81FAE188926DF0030AE47 /* Foundation.framework */,
				B3E81FB0188926DF0030AE47 /* CoreGraphics.framework */,
				B3E81FB2188926DF0030AE47 /* UIKit.framework */,
				B3E81FCD188926DF0030AE47 /* XCTest.framework */,
			);
			name = Frameworks;
			sourceTree = "<group>";
		};
		B3E81FB4188926DF0030AE47 /* DemoScrolling */ = {
			isa = PBXGroup;
			children = (
				B3E81FBD188926DF0030AE47 /* MAAppDelegate.h */,
				B3E81FBE188926DF0030AE47 /* MAAppDelegate.m */,
				B3E81FC0188926DF0030AE47 /* Main.storyboard */,
				B3E81FC3188926DF0030AE47 /* MAViewController.h */,
				B3E81FC4188926DF0030AE47 /* MAViewController.m */,
				B3E81FC6188926DF0030AE47 /* Images.xcassets */,
				B3E81FB5188926DF0030AE47 /* Supporting Files */,
			);
			path = DemoScrolling;
			sourceTree = "<group>";
		};
		B3E81FB5188926DF0030AE47 /* Supporting Files */ = {
			isa = PBXGroup;
			children = (
				B3E81FB6188926DF0030AE47 /* DemoScrolling-Info.plist */,
				B3E81FB7188926DF0030AE47 /* InfoPlist.strings */,
				B3E81FBA188926DF0030AE47 /* main.m */,
				B3E81FBC188926DF0030AE47 /* DemoScrolling-Prefix.pch */,
			);
			name = "Supporting Files";
			sourceTree = "<group>";
		};
		B3E81FD3188926DF0030AE47 /* DemoScrollingTests */ = {
			isa = PBXGroup;
			children = (
				B3E81FD9188926DF0030AE47 /* DemoScrollingTests.m */,
				B3E81FD4188926DF0030AE47 /* Supporting Files */,
			);
			path = DemoScrollingTests;
			sourceTree = "<group>";
		};
		B3E81FD4188926DF0030AE47 /* Supporting Files */ = {
			isa = PBXGroup;
			children = (
				B3E81FD5188926DF0030AE47 /* DemoScrollingTests-Info.plist */,
				B3E81FD6188926DF0030AE47 /* InfoPlist.strings */,
			);
			name = "Supporting Files";
			sourceTree = "<group>";
		};
		B3E81FE61889271E0030AE47 /* ios */ = {
			isa = PBXGroup;
			children = (
				B3E81FE9188927BC0030AE47 /* MAScrollView.h */,
				B3E81FEA188927BC0030AE47 /* MAScrollView.m */,
				B3E81FEC188927FF0030AE47 /* MAPageView.h */,
				B3E81FED188927FF0030AE47 /* MAPageView.m */,
			);
			name = ios;
			path = ../../Classes/ios;
			sourceTree = "<group>";
		};
/* End PBXGroup section */

/* Begin PBXNativeTarget section */
		B3E81FAA188926DF0030AE47 /* DemoScrolling */ = {
			isa = PBXNativeTarget;
			buildConfigurationList = B3E81FDD188926DF0030AE47 /* Build configuration list for PBXNativeTarget "DemoScrolling" */;
			buildPhases = (
				B3E81FA7188926DF0030AE47 /* Sources */,
				B3E81FA8188926DF0030AE47 /* Frameworks */,
				B3E81FA9188926DF0030AE47 /* Resources */,
			);
			buildRules = (
			);
			dependencies = (
			);
			name = DemoScrolling;
			productName = DemoScrolling;
			productReference = B3E81FAB188926DF0030AE47 /* DemoScrolling.app */;
			productType = "com.apple.product-type.application";
		};
		B3E81FCB188926DF0030AE47 /* DemoScrollingTests */ = {
			isa = PBXNativeTarget;
			buildConfigurationList = B3E81FE0188926DF0030AE47 /* Build configuration list for PBXNativeTarget "DemoScrollingTests" */;
			buildPhases = (
				B3E81FC8188926DF0030AE47 /* Sources */,
				B3E81FC9188926DF0030AE47 /* Frameworks */,
				B3E81FCA188926DF0030AE47 /* Resources */,
			);
			buildRules = (
			);
			dependencies = (
				B3E81FD2188926DF0030AE47 /* PBXTargetDependency */,
			);
			name = DemoScrollingTests;
			productName = DemoScrollingTests;
			productReference = B3E81FCC188926DF0030AE47 /* DemoScrollingTests.xctest */;
			productType = "com.apple.product-type.bundle.unit-test";
		};
/* End PBXNativeTarget section */

/* Begin PBXProject section */
		B3E81FA3188926DE0030AE47 /* Project object */ = {
			isa = PBXProject;
			attributes = {
				CLASSPREFIX = MA;
				LastUpgradeCheck = 0500;
				ORGANIZATIONNAME = alekoleg;
				TargetAttributes = {
					B3E81FCB188926DF0030AE47 = {
						TestTargetID = B3E81FAA188926DF0030AE47;
					};
				};
			};
			buildConfigurationList = B3E81FA6188926DE0030AE47 /* Build configuration list for PBXProject "DemoScrolling" */;
			compatibilityVersion = "Xcode 3.2";
			developmentRegion = English;
			hasScannedForEncodings = 0;
			knownRegions = (
				en,
				Base,
			);
			mainGroup = B3E81FA2188926DE0030AE47;
			productRefGroup = B3E81FAC188926DF0030AE47 /* Products */;
			projectDirPath = "";
			projectRoot = "";
			targets = (
				B3E81FAA188926DF0030AE47 /* DemoScrolling */,
				B3E81FCB188926DF0030AE47 /* DemoScrollingTests */,
			);
		};
/* End PBXProject section */

/* Begin PBXResourcesBuildPhase section */
		B3E81FA9188926DF0030AE47 /* Resources */ = {
			isa = PBXResourcesBuildPhase;
			buildActionMask = 2147483647;
			files = (
				B3E81FC7188926DF0030AE47 /* Images.xcassets in Resources */,
				B3E81FB9188926DF0030AE47 /* InfoPlist.strings in Resources */,
				B3E81FC2188926DF0030AE47 /* Main.storyboard in Resources */,
			);
			runOnlyForDeploymentPostprocessing = 0;
		};
		B3E81FCA188926DF0030AE47 /* Resources */ = {
			isa = PBXResourcesBuildPhase;
			buildActionMask = 2147483647;
			files = (
				B3E81FD8188926DF0030AE47 /* InfoPlist.strings in Resources */,
			);
			runOnlyForDeploymentPostprocessing = 0;
		};
/* End PBXResourcesBuildPhase section */

/* Begin PBXSourcesBuildPhase section */
		B3E81FA7188926DF0030AE47 /* Sources */ = {
			isa = PBXSourcesBuildPhase;
			buildActionMask = 2147483647;
			files = (
				B3E81FBF188926DF0030AE47 /* MAAppDelegate.m in Sources */,
				B3E81FEB188927BC0030AE47 /* MAScrollView.m in Sources */,
				B3E81FC5188926DF0030AE47 /* MAViewController.m in Sources */,
				B3E81FBB188926DF0030AE47 /* main.m in Sources */,
				B3E81FEE188927FF0030AE47 /* MAPageView.m in Sources */,
			);
			runOnlyForDeploymentPostprocessing = 0;
		};
		B3E81FC8188926DF0030AE47 /* Sources */ = {
			isa = PBXSourcesBuildPhase;
			buildActionMask = 2147483647;
			files = (
				B3E81FDA188926DF0030AE47 /* DemoScrollingTests.m in Sources */,
			);
			runOnlyForDeploymentPostprocessing = 0;
		};
/* End PBXSourcesBuildPhase section */

/* Begin PBXTargetDependency section */
		B3E81FD2188926DF0030AE47 /* PBXTargetDependency */ = {
			isa = PBXTargetDependency;
			target = B3E81FAA188926DF0030AE47 /* DemoScrolling */;
			targetProxy = B3E81FD1188926DF0030AE47 /* PBXContainerItemProxy */;
		};
/* End PBXTargetDependency section */

/* Begin PBXVariantGroup section */
		B3E81FB7188926DF0030AE47 /* InfoPlist.strings */ = {
			isa = PBXVariantGroup;
			children = (
				B3E81FB8188926DF0030AE47 /* en */,
			);
			name = InfoPlist.strings;
			sourceTree = "<group>";
		};
		B3E81FC0188926DF0030AE47 /* Main.storyboard */ = {
			isa = PBXVariantGroup;
			children = (
				B3E81FC1188926DF0030AE47 /* Base */,
			);
			name = Main.storyboard;
			sourceTree = "<group>";
		};
		B3E81FD6188926DF0030AE47 /* InfoPlist.strings */ = {
			isa = PBXVariantGroup;
			children = (
				B3E81FD7188926DF0030AE47 /* en */,
			);
			name = InfoPlist.strings;
			sourceTree = "<group>";
		};
/* End PBXVariantGroup section */

/* Begin XCBuildConfiguration section */
		B3E81FDB188926DF0030AE47 /* Debug */ = {
			isa = XCBuildConfiguration;
			buildSettings = {
				ALWAYS_SEARCH_USER_PATHS = NO;
				ARCHS = "$(ARCHS_STANDARD_INCLUDING_64_BIT)";
				CLANG_CXX_LANGUAGE_STANDARD = "gnu++0x";
				CLANG_CXX_LIBRARY = "libc++";
				CLANG_ENABLE_MODULES = YES;
				CLANG_ENABLE_OBJC_ARC = YES;
				CLANG_WARN_BOOL_CONVERSION = YES;
				CLANG_WARN_CONSTANT_CONVERSION = YES;
				CLANG_WARN_DIRECT_OBJC_ISA_USAGE = YES_ERROR;
				CLANG_WARN_EMPTY_BODY = YES;
				CLANG_WARN_ENUM_CONVERSION = YES;
				CLANG_WARN_INT_CONVERSION = YES;
				CLANG_WARN_OBJC_ROOT_CLASS = YES_ERROR;
				CLANG_WARN__DUPLICATE_METHOD_MATCH = YES;
				"CODE_SIGN_IDENTITY[sdk=iphoneos*]" = "iPhone Developer";
				COPY_PHASE_STRIP = NO;
				GCC_C_LANGUAGE_STANDARD = gnu99;
				GCC_DYNAMIC_NO_PIC = NO;
				GCC_OPTIMIZATION_LEVEL = 0;
				GCC_PREPROCESSOR_DEFINITIONS = (
					"DEBUG=1",
					"$(inherited)",
				);
				GCC_SYMBOLS_PRIVATE_EXTERN = NO;
				GCC_WARN_64_TO_32_BIT_CONVERSION = YES;
				GCC_WARN_ABOUT_RETURN_TYPE = YES_ERROR;
				GCC_WARN_UNDECLARED_SELECTOR = YES;
				GCC_WARN_UNINITIALIZED_AUTOS = YES;
				GCC_WARN_UNUSED_FUNCTION = YES;
				GCC_WARN_UNUSED_VARIABLE = YES;
				IPHONEOS_DEPLOYMENT_TARGET = 7.0;
				ONLY_ACTIVE_ARCH = YES;
				SDKROOT = iphoneos;
				TARGETED_DEVICE_FAMILY = 2;
			};
			name = Debug;
		};
		B3E81FDC188926DF0030AE47 /* Release */ = {
			isa = XCBuildConfiguration;
			buildSettings = {
				ALWAYS_SEARCH_USER_PATHS = NO;
				ARCHS = "$(ARCHS_STANDARD_INCLUDING_64_BIT)";
				CLANG_CXX_LANGUAGE_STANDARD = "gnu++0x";
				CLANG_CXX_LIBRARY = "libc++";
				CLANG_ENABLE_MODULES = YES;
				CLANG_ENABLE_OBJC_ARC = YES;
				CLANG_WARN_BOOL_CONVERSION = YES;
				CLANG_WARN_CONSTANT_CONVERSION = YES;
				CLANG_WARN_DIRECT_OBJC_ISA_USAGE = YES_ERROR;
				CLANG_WARN_EMPTY_BODY = YES;
				CLANG_WARN_ENUM_CONVERSION = YES;
				CLANG_WARN_INT_CONVERSION = YES;
				CLANG_WARN_OBJC_ROOT_CLASS = YES_ERROR;
				CLANG_WARN__DUPLICATE_METHOD_MATCH = YES;
				"CODE_SIGN_IDENTITY[sdk=iphoneos*]" = "iPhone Developer";
				COPY_PHASE_STRIP = YES;
				ENABLE_NS_ASSERTIONS = NO;
				GCC_C_LANGUAGE_STANDARD = gnu99;
				GCC_WARN_64_TO_32_BIT_CONVERSION = YES;
				GCC_WARN_ABOUT_RETURN_TYPE = YES_ERROR;
				GCC_WARN_UNDECLARED_SELECTOR = YES;
				GCC_WARN_UNINITIALIZED_AUTOS = YES;
				GCC_WARN_UNUSED_FUNCTION = YES;
				GCC_WARN_UNUSED_VARIABLE = YES;
				IPHONEOS_DEPLOYMENT_TARGET = 7.0;
				SDKROOT = iphoneos;
				TARGETED_DEVICE_FAMILY = 2;
				VALIDATE_PRODUCT = YES;
			};
			name = Release;
		};
		B3E81FDE188926DF0030AE47 /* Debug */ = {
			isa = XCBuildConfiguration;
			buildSettings = {
				ASSETCATALOG_COMPILER_APPICON_NAME = AppIcon;
				ASSETCATALOG_COMPILER_LAUNCHIMAGE_NAME = LaunchImage;
				GCC_PRECOMPILE_PREFIX_HEADER = YES;
				GCC_PREFIX_HEADER = "DemoScrolling/DemoScrolling-Prefix.pch";
				INFOPLIST_FILE = "DemoScrolling/DemoScrolling-Info.plist";
				PRODUCT_NAME = "$(TARGET_NAME)";
				WRAPPER_EXTENSION = app;
			};
			name = Debug;
		};
		B3E81FDF188926DF0030AE47 /* Release */ = {
			isa = XCBuildConfiguration;
			buildSettings = {
				ASSETCATALOG_COMPILER_APPICON_NAME = AppIcon;
				ASSETCATALOG_COMPILER_LAUNCHIMAGE_NAME = LaunchImage;
				GCC_PRECOMPILE_PREFIX_HEADER = YES;
				GCC_PREFIX_HEADER = "DemoScrolling/DemoScrolling-Prefix.pch";
				INFOPLIST_FILE = "DemoScrolling/DemoScrolling-Info.plist";
				PRODUCT_NAME = "$(TARGET_NAME)";
				WRAPPER_EXTENSION = app;
			};
			name = Release;
		};
		B3E81FE1188926DF0030AE47 /* Debug */ = {
			isa = XCBuildConfiguration;
			buildSettings = {
				ARCHS = "$(ARCHS_STANDARD_INCLUDING_64_BIT)";
				BUNDLE_LOADER = "$(BUILT_PRODUCTS_DIR)/DemoScrolling.app/DemoScrolling";
				FRAMEWORK_SEARCH_PATHS = (
					"$(SDKROOT)/Developer/Library/Frameworks",
					"$(inherited)",
					"$(DEVELOPER_FRAMEWORKS_DIR)",
				);
				GCC_PRECOMPILE_PREFIX_HEADER = YES;
				GCC_PREFIX_HEADER = "DemoScrolling/DemoScrolling-Prefix.pch";
				GCC_PREPROCESSOR_DEFINITIONS = (
					"DEBUG=1",
					"$(inherited)",
				);
				INFOPLIST_FILE = "DemoScrollingTests/DemoScrollingTests-Info.plist";
				PRODUCT_NAME = "$(TARGET_NAME)";
				TEST_HOST = "$(BUNDLE_LOADER)";
				WRAPPER_EXTENSION = xctest;
			};
			name = Debug;
		};
		B3E81FE2188926DF0030AE47 /* Release */ = {
			isa = XCBuildConfiguration;
			buildSettings = {
				ARCHS = "$(ARCHS_STANDARD_INCLUDING_64_BIT)";
				BUNDLE_LOADER = "$(BUILT_PRODUCTS_DIR)/DemoScrolling.app/DemoScrolling";
				FRAMEWORK_SEARCH_PATHS = (
					"$(SDKROOT)/Developer/Library/Frameworks",
					"$(inherited)",
					"$(DEVELOPER_FRAMEWORKS_DIR)",
				);
				GCC_PRECOMPILE_PREFIX_HEADER = YES;
				GCC_PREFIX_HEADER = "DemoScrolling/DemoScrolling-Prefix.pch";
				INFOPLIST_FILE = "DemoScrollingTests/DemoScrollingTests-Info.plist";
				PRODUCT_NAME = "$(TARGET_NAME)";
				TEST_HOST = "$(BUNDLE_LOADER)";
				WRAPPER_EXTENSION = xctest;
			};
			name = Release;
		};
/* End XCBuildConfiguration section */

/* Begin XCConfigurationList section */
		B3E81FA6188926DE0030AE47 /* Build configuration list for PBXProject "DemoScrolling" */ = {
			isa = XCConfigurationList;
			buildConfigurations = (
				B3E81FDB188926DF0030AE47 /* Debug */,
				B3E81FDC188926DF0030AE47 /* Release */,
			);
			defaultConfigurationIsVisible = 0;
			defaultConfigurationName = Release;
		};
		B3E81FDD188926DF0030AE47 /* Build configuration list for PBXNativeTarget "DemoScrolling" */ = {
			isa = XCConfigurationList;
			buildConfigurations = (
				B3E81FDE188926DF0030AE47 /* Debug */,
				B3E81FDF188926DF0030AE47 /* Release */,
			);
			defaultConfigurationIsVisible = 0;
		};
		B3E81FE0188926DF0030AE47 /* Build configuration list for PBXNativeTarget "DemoScrollingTests" */ = {
			isa = XCConfigurationList;
			buildConfigurations = (
				B3E81FE1188926DF0030AE47 /* Debug */,
				B3E81FE2188926DF0030AE47 /* Release */,
			);
			defaultConfigurationIsVisible = 0;
		};
/* End XCConfigurationList section */
	};
	rootObject = B3E81FA3188926DE0030AE47 /* Project object */;
}
